{
	"name": "hexo-deployer-aws-s3",
	"version": "0.2.1",
	"lockfileVersion": 1,
	"dependencies": {
		"@kei-ito/editor-settings": {
			"version": "0.0.7",
			"resolved": "https://registry.npmjs.org/@kei-ito/editor-settings/-/editor-settings-0.0.7.tgz",
			"integrity": "sha512-FVcCV02TnMkACEaCz79LUoCtGVd04sux3BXAW9wY5chp/J4GwadWqi5smH5Zs+z+pc10u2YsbSl/L/IySF+o0A==",
			"dev": true
		}
	}
}
